
Microsoft Visual Studio Solution File, Format Version 12.00
# Visual Studio Version 17
VisualStudioVersion = 17.9.34701.34
MinimumVisualStudioVersion = 10.0.40219.1
Project("{FAE04EC0-301F-11D3-BF4B-00C04F79EFBC}") = "Zubac", "Zubac\Zubac.csproj", "{01FB5A6B-F3F9-45DF-B9D0-036179135011}"
EndProject
Global
	GlobalSection(SolutionConfigurationPlatforms) = preSolution
		Debug|Any CPU = Debug|Any CPU
		Release|Any CPU = Release|Any CPU
	EndGlobalSection
	GlobalSection(ProjectConfigurationPlatforms) = postSolution
		{01FB5A6B-F3F9-45DF-B9D0-036179135011}.Debug|Any CPU.ActiveCfg = Debug|Any CPU
		{01FB5A6B-F3F9-45DF-B9D0-036179135011}.Debug|Any CPU.Build.0 = Debug|Any CPU
		{01FB5A6B-F3F9-45DF-B9D0-036179135011}.Release|Any CPU.ActiveCfg = Release|Any CPU
		{01FB5A6B-F3F9-45DF-B9D0-036179135011}.Release|Any CPU.Build.0 = Release|Any CPU
	EndGlobalSection
	GlobalSection(SolutionProperties) = preSolution
		HideSolutionNode = FALSE
	EndGlobalSection
	GlobalSection(ExtensibilityGlobals) = postSolution
		SolutionGuid = {7BB6CB63-3AD5-4470-A89D-5D76BF83C8AA}
	EndGlobalSection
EndGlobal
